
Microsoft Visual Studio Solution File, Format Version 12.00
# Visual Studio 2012
Project("{FAE04EC0-301F-11D3-BF4B-00C04F79EFBC}") = "WP8VBAM", "WP8VBAM\WP8VBAM\WP8VBAM.csproj", "{E6470260-50E5-4B4B-AAAC-223EE7485237}"
EndProject
Project("{8BC9CEB8-8B4A-11D0-8D11-00A0C91BC942}") = "WP8VBAMComponent", "WP8VBAM\WP8VBAMComponent\WP8VBAMComponent.vcxproj", "{25D46FDB-318A-4352-89F7-AB384DD719F0}"
EndProject
Global
	GlobalSection(SolutionConfigurationPlatforms) = preSolution
		Debug|Any CPU = Debug|Any CPU
		Debug|ARM = Debug|ARM
		Debug|Mixed Platforms = Debug|Mixed Platforms
		Debug|Win32 = Debug|Win32
		Debug|x86 = Debug|x86
		DebugDevice|Any CPU = DebugDevice|Any CPU
		DebugDevice|ARM = DebugDevice|ARM
		DebugDevice|Mixed Platforms = DebugDevice|Mixed Platforms
		DebugDevice|Win32 = DebugDevice|Win32
		DebugDevice|x86 = DebugDevice|x86
		DebugGBC|Any CPU = DebugGBC|Any CPU
		DebugGBC|ARM = DebugGBC|ARM
		DebugGBC|Mixed Platforms = DebugGBC|Mixed Platforms
		DebugGBC|Win32 = DebugGBC|Win32
		DebugGBC|x86 = DebugGBC|x86
		Release|Any CPU = Release|Any CPU
		Release|ARM = Release|ARM
		Release|Mixed Platforms = Release|Mixed Platforms
		Release|Win32 = Release|Win32
		Release|x86 = Release|x86
		ReleaseBeta|Any CPU = ReleaseBeta|Any CPU
		ReleaseBeta|ARM = ReleaseBeta|ARM
		ReleaseBeta|Mixed Platforms = ReleaseBeta|Mixed Platforms
		ReleaseBeta|Win32 = ReleaseBeta|Win32
		ReleaseBeta|x86 = ReleaseBeta|x86
		ReleaseGBC|Any CPU = ReleaseGBC|Any CPU
		ReleaseGBC|ARM = ReleaseGBC|ARM
		ReleaseGBC|Mixed Platforms = ReleaseGBC|Mixed Platforms
		ReleaseGBC|Win32 = ReleaseGBC|Win32
		ReleaseGBC|x86 = ReleaseGBC|x86
	EndGlobalSection
	GlobalSection(ProjectConfigurationPlatforms) = postSolution
		{E6470260-50E5-4B4B-AAAC-223EE7485237}.Debug|Any CPU.ActiveCfg = Debug|x86
		{E6470260-50E5-4B4B-AAAC-223EE7485237}.Debug|Any CPU.Build.0 = Debug|x86
		{E6470260-50E5-4B4B-AAAC-223EE7485237}.Debug|Any CPU.Deploy.0 = Debug|x86
		{E6470260-50E5-4B4B-AAAC-223EE7485237}.Debug|ARM.ActiveCfg = Debug|x86
		{E6470260-50E5-4B4B-AAAC-223EE7485237}.Debug|ARM.Build.0 = Debug|x86
		{E6470260-50E5-4B4B-AAAC-223EE7485237}.Debug|ARM.Deploy.0 = Debug|x86
		{E6470260-50E5-4B4B-AAAC-223EE7485237}.Debug|Mixed Platforms.ActiveCfg = Debug|x86
		{E6470260-50E5-4B4B-AAAC-223EE7485237}.Debug|Mixed Platforms.Build.0 = Debug|x86
		{E6470260-50E5-4B4B-AAAC-223EE7485237}.Debug|Mixed Platforms.Deploy.0 = Debug|x86
		{E6470260-50E5-4B4B-AAAC-223EE7485237}.Debug|Win32.ActiveCfg = Debug|x86
		{E6470260-50E5-4B4B-AAAC-223EE7485237}.Debug|Win32.Build.0 = Debug|x86
		{E6470260-50E5-4B4B-AAAC-223EE7485237}.Debug|Win32.Deploy.0 = Debug|x86
		{E6470260-50E5-4B4B-AAAC-223EE7485237}.Debug|x86.ActiveCfg = Debug|x86
		{E6470260-50E5-4B4B-AAAC-223EE7485237}.Debug|x86.Build.0 = Debug|x86
		{E6470260-50E5-4B4B-AAAC-223EE7485237}.Debug|x86.Deploy.0 = Debug|x86
		{E6470260-50E5-4B4B-AAAC-223EE7485237}.DebugDevice|Any CPU.ActiveCfg = DebugDevice|ARM
		{E6470260-50E5-4B4B-AAAC-223EE7485237}.DebugDevice|Any CPU.Build.0 = DebugDevice|ARM
		{E6470260-50E5-4B4B-AAAC-223EE7485237}.DebugDevice|Any CPU.Deploy.0 = DebugDevice|ARM
		{E6470260-50E5-4B4B-AAAC-223EE7485237}.DebugDevice|ARM.ActiveCfg = DebugDevice|ARM
		{E6470260-50E5-4B4B-AAAC-223EE7485237}.DebugDevice|ARM.Build.0 = DebugDevice|ARM
		{E6470260-50E5-4B4B-AAAC-223EE7485237}.DebugDevice|ARM.Deploy.0 = DebugDevice|ARM
		{E6470260-50E5-4B4B-AAAC-223EE7485237}.DebugDevice|Mixed Platforms.ActiveCfg = DebugDevice|x86
		{E6470260-50E5-4B4B-AAAC-223EE7485237}.DebugDevice|Mixed Platforms.Build.0 = DebugDevice|x86
		{E6470260-50E5-4B4B-AAAC-223EE7485237}.DebugDevice|Mixed Platforms.Deploy.0 = DebugDevice|x86
		{E6470260-50E5-4B4B-AAAC-223EE7485237}.DebugDevice|Win32.ActiveCfg = DebugDevice|ARM
		{E6470260-50E5-4B4B-AAAC-223EE7485237}.DebugDevice|Win32.Build.0 = DebugDevice|ARM
		{E6470260-50E5-4B4B-AAAC-223EE7485237}.DebugDevice|Win32.Deploy.0 = DebugDevice|ARM
		{E6470260-50E5-4B4B-AAAC-223EE7485237}.DebugDevice|x86.ActiveCfg = DebugDevice|x86
		{E6470260-50E5-4B4B-AAAC-223EE7485237}.DebugDevice|x86.Build.0 = DebugDevice|x86
		{E6470260-50E5-4B4B-AAAC-223EE7485237}.DebugDevice|x86.Deploy.0 = DebugDevice|x86
		{E6470260-50E5-4B4B-AAAC-223EE7485237}.DebugGBC|Any CPU.ActiveCfg = DebugGBC|x86
		{E6470260-50E5-4B4B-AAAC-223EE7485237}.DebugGBC|Any CPU.Build.0 = DebugGBC|x86
		{E6470260-50E5-4B4B-AAAC-223EE7485237}.DebugGBC|Any CPU.Deploy.0 = DebugGBC|x86
		{E6470260-50E5-4B4B-AAAC-223EE7485237}.DebugGBC|ARM.ActiveCfg = DebugGBC|ARM
		{E6470260-50E5-4B4B-AAAC-223EE7485237}.DebugGBC|ARM.Build.0 = DebugGBC|ARM
		{E6470260-50E5-4B4B-AAAC-223EE7485237}.DebugGBC|ARM.Deploy.0 = DebugGBC|ARM
		{E6470260-50E5-4B4B-AAAC-223EE7485237}.DebugGBC|Mixed Platforms.ActiveCfg = DebugGBC|x86
		{E6470260-50E5-4B4B-AAAC-223EE7485237}.DebugGBC|Mixed Platforms.Build.0 = DebugGBC|x86
		{E6470260-50E5-4B4B-AAAC-223EE7485237}.DebugGBC|Mixed Platforms.Deploy.0 = DebugGBC|x86
		{E6470260-50E5-4B4B-AAAC-223EE7485237}.DebugGBC|Win32.ActiveCfg = DebugGBC|x86
		{E6470260-50E5-4B4B-AAAC-223EE7485237}.DebugGBC|Win32.Build.0 = DebugGBC|x86
		{E6470260-50E5-4B4B-AAAC-223EE7485237}.DebugGBC|Win32.Deploy.0 = DebugGBC|x86
		{E6470260-50E5-4B4B-AAAC-223EE7485237}.DebugGBC|x86.ActiveCfg = DebugGBC|x86
		{E6470260-50E5-4B4B-AAAC-223EE7485237}.DebugGBC|x86.Build.0 = DebugGBC|x86
		{E6470260-50E5-4B4B-AAAC-223EE7485237}.DebugGBC|x86.Deploy.0 = DebugGBC|x86
		{E6470260-50E5-4B4B-AAAC-223EE7485237}.Release|Any CPU.ActiveCfg = Release|ARM
		{E6470260-50E5-4B4B-AAAC-223EE7485237}.Release|Any CPU.Build.0 = Release|ARM
		{E6470260-50E5-4B4B-AAAC-223EE7485237}.Release|Any CPU.Deploy.0 = Release|ARM
		{E6470260-50E5-4B4B-AAAC-223EE7485237}.Release|ARM.ActiveCfg = Release|ARM
		{E6470260-50E5-4B4B-AAAC-223EE7485237}.Release|ARM.Build.0 = Release|ARM
		{E6470260-50E5-4B4B-AAAC-223EE7485237}.Release|ARM.Deploy.0 = Release|ARM
		{E6470260-50E5-4B4B-AAAC-223EE7485237}.Release|Mixed Platforms.ActiveCfg = Release|ARM
		{E6470260-50E5-4B4B-AAAC-223EE7485237}.Release|Mixed Platforms.Build.0 = Release|ARM
		{E6470260-50E5-4B4B-AAAC-223EE7485237}.Release|Mixed Platforms.Deploy.0 = Release|ARM
		{E6470260-50E5-4B4B-AAAC-223EE7485237}.Release|Win32.ActiveCfg = Release|ARM
		{E6470260-50E5-4B4B-AAAC-223EE7485237}.Release|Win32.Build.0 = Release|ARM
		{E6470260-50E5-4B4B-AAAC-223EE7485237}.Release|Win32.Deploy.0 = Release|ARM
		{E6470260-50E5-4B4B-AAAC-223EE7485237}.Release|x86.ActiveCfg = Release|x86
		{E6470260-50E5-4B4B-AAAC-223EE7485237}.Release|x86.Build.0 = Release|x86
		{E6470260-50E5-4B4B-AAAC-223EE7485237}.Release|x86.Deploy.0 = Release|x86
		{E6470260-50E5-4B4B-AAAC-223EE7485237}.ReleaseBeta|Any CPU.ActiveCfg = ReleaseBeta|ARM
		{E6470260-50E5-4B4B-AAAC-223EE7485237}.ReleaseBeta|Any CPU.Build.0 = ReleaseBeta|ARM
		{E6470260-50E5-4B4B-AAAC-223EE7485237}.ReleaseBeta|Any CPU.Deploy.0 = ReleaseBeta|ARM
		{E6470260-50E5-4B4B-AAAC-223EE7485237}.ReleaseBeta|ARM.ActiveCfg = ReleaseBeta|ARM
		{E6470260-50E5-4B4B-AAAC-223EE7485237}.ReleaseBeta|ARM.Build.0 = ReleaseBeta|ARM
		{E6470260-50E5-4B4B-AAAC-223EE7485237}.ReleaseBeta|ARM.Deploy.0 = ReleaseBeta|ARM
		{E6470260-50E5-4B4B-AAAC-223EE7485237}.ReleaseBeta|Mixed Platforms.ActiveCfg = ReleaseBeta|x86
		{E6470260-50E5-4B4B-AAAC-223EE7485237}.ReleaseBeta|Mixed Platforms.Build.0 = ReleaseBeta|x86
		{E6470260-50E5-4B4B-AAAC-223EE7485237}.ReleaseBeta|Mixed Platforms.Deploy.0 = ReleaseBeta|x86
		{E6470260-50E5-4B4B-AAAC-223EE7485237}.ReleaseBeta|Win32.ActiveCfg = ReleaseBeta|ARM
		{E6470260-50E5-4B4B-AAAC-223EE7485237}.ReleaseBeta|Win32.Build.0 = ReleaseBeta|ARM
		{E6470260-50E5-4B4B-AAAC-223EE7485237}.ReleaseBeta|Win32.Deploy.0 = ReleaseBeta|ARM
		{E6470260-50E5-4B4B-AAAC-223EE7485237}.ReleaseBeta|x86.ActiveCfg = ReleaseBeta|x86
		{E6470260-50E5-4B4B-AAAC-223EE7485237}.ReleaseBeta|x86.Build.0 = ReleaseBeta|x86
		{E6470260-50E5-4B4B-AAAC-223EE7485237}.ReleaseBeta|x86.Deploy.0 = ReleaseBeta|x86
		{E6470260-50E5-4B4B-AAAC-223EE7485237}.ReleaseGBC|Any CPU.ActiveCfg = ReleaseGBC|ARM
		{E6470260-50E5-4B4B-AAAC-223EE7485237}.ReleaseGBC|Any CPU.Build.0 = ReleaseGBC|ARM
		{E6470260-50E5-4B4B-AAAC-223EE7485237}.ReleaseGBC|Any CPU.Deploy.0 = ReleaseGBC|ARM
		{E6470260-50E5-4B4B-AAAC-223EE7485237}.ReleaseGBC|ARM.ActiveCfg = ReleaseGBC|ARM
		{E6470260-50E5-4B4B-AAAC-223EE7485237}.ReleaseGBC|ARM.Build.0 = ReleaseGBC|ARM
		{E6470260-50E5-4B4B-AAAC-223EE7485237}.ReleaseGBC|ARM.Deploy.0 = ReleaseGBC|ARM
		{E6470260-50E5-4B4B-AAAC-223EE7485237}.ReleaseGBC|Mixed Platforms.ActiveCfg = ReleaseGBC|ARM
		{E6470260-50E5-4B4B-AAAC-223EE7485237}.ReleaseGBC|Mixed Platforms.Build.0 = ReleaseGBC|ARM
		{E6470260-50E5-4B4B-AAAC-223EE7485237}.ReleaseGBC|Mixed Platforms.Deploy.0 = ReleaseGBC|ARM
		{E6470260-50E5-4B4B-AAAC-223EE7485237}.ReleaseGBC|Win32.ActiveCfg = ReleaseGBC|ARM
		{E6470260-50E5-4B4B-AAAC-223EE7485237}.ReleaseGBC|Win32.Build.0 = ReleaseGBC|ARM
		{E6470260-50E5-4B4B-AAAC-223EE7485237}.ReleaseGBC|Win32.Deploy.0 = ReleaseGBC|ARM
		{E6470260-50E5-4B4B-AAAC-223EE7485237}.ReleaseGBC|x86.ActiveCfg = ReleaseGBC|x86
		{E6470260-50E5-4B4B-AAAC-223EE7485237}.ReleaseGBC|x86.Build.0 = ReleaseGBC|x86
		{E6470260-50E5-4B4B-AAAC-223EE7485237}.ReleaseGBC|x86.Deploy.0 = ReleaseGBC|x86
		{25D46FDB-318A-4352-89F7-AB384DD719F0}.Debug|Any CPU.ActiveCfg = Debug|Win32
		{25D46FDB-318A-4352-89F7-AB384DD719F0}.Debug|Any CPU.Build.0 = Debug|Win32
		{25D46FDB-318A-4352-89F7-AB384DD719F0}.Debug|ARM.ActiveCfg = Debug|Win32
		{25D46FDB-318A-4352-89F7-AB384DD719F0}.Debug|ARM.Build.0 = Debug|Win32
		{25D46FDB-318A-4352-89F7-AB384DD719F0}.Debug|Mixed Platforms.ActiveCfg = Debug|Win32
		{25D46FDB-318A-4352-89F7-AB384DD719F0}.Debug|Mixed Platforms.Build.0 = Debug|Win32
		{25D46FDB-318A-4352-89F7-AB384DD719F0}.Debug|Win32.ActiveCfg = Debug|Win32
		{25D46FDB-318A-4352-89F7-AB384DD719F0}.Debug|Win32.Build.0 = Debug|Win32
		{25D46FDB-318A-4352-89F7-AB384DD719F0}.Debug|x86.ActiveCfg = Debug|Win32
		{25D46FDB-318A-4352-89F7-AB384DD719F0}.Debug|x86.Build.0 = Debug|Win32
		{25D46FDB-318A-4352-89F7-AB384DD719F0}.DebugDevice|Any CPU.ActiveCfg = DebugDevice|ARM
		{25D46FDB-318A-4352-89F7-AB384DD719F0}.DebugDevice|Any CPU.Build.0 = DebugDevice|ARM
		{25D46FDB-318A-4352-89F7-AB384DD719F0}.DebugDevice|ARM.ActiveCfg = DebugDevice|ARM
		{25D46FDB-318A-4352-89F7-AB384DD719F0}.DebugDevice|ARM.Build.0 = DebugDevice|ARM
		{25D46FDB-318A-4352-89F7-AB384DD719F0}.DebugDevice|Mixed Platforms.ActiveCfg = DebugDevice|Win32
		{25D46FDB-318A-4352-89F7-AB384DD719F0}.DebugDevice|Mixed Platforms.Build.0 = DebugDevice|Win32
		{25D46FDB-318A-4352-89F7-AB384DD719F0}.DebugDevice|Win32.ActiveCfg = DebugDevice|ARM
		{25D46FDB-318A-4352-89F7-AB384DD719F0}.DebugDevice|Win32.Build.0 = DebugDevice|ARM
		{25D46FDB-318A-4352-89F7-AB384DD719F0}.DebugDevice|x86.ActiveCfg = DebugDevice|Win32
		{25D46FDB-318A-4352-89F7-AB384DD719F0}.DebugDevice|x86.Build.0 = DebugDevice|Win32
		{25D46FDB-318A-4352-89F7-AB384DD719F0}.DebugGBC|Any CPU.ActiveCfg = DebugGBC|Win32
		{25D46FDB-318A-4352-89F7-AB384DD719F0}.DebugGBC|Any CPU.Build.0 = DebugGBC|Win32
		{25D46FDB-318A-4352-89F7-AB384DD719F0}.DebugGBC|ARM.ActiveCfg = DebugGBC|ARM
		{25D46FDB-318A-4352-89F7-AB384DD719F0}.DebugGBC|ARM.Build.0 = DebugGBC|ARM
		{25D46FDB-318A-4352-89F7-AB384DD719F0}.DebugGBC|Mixed Platforms.ActiveCfg = DebugGBC|Win32
		{25D46FDB-318A-4352-89F7-AB384DD719F0}.DebugGBC|Mixed Platforms.Build.0 = DebugGBC|Win32
		{25D46FDB-318A-4352-89F7-AB384DD719F0}.DebugGBC|Win32.ActiveCfg = DebugGBC|Win32
		{25D46FDB-318A-4352-89F7-AB384DD719F0}.DebugGBC|Win32.Build.0 = DebugGBC|Win32
		{25D46FDB-318A-4352-89F7-AB384DD719F0}.DebugGBC|x86.ActiveCfg = DebugGBC|Win32
		{25D46FDB-318A-4352-89F7-AB384DD719F0}.DebugGBC|x86.Build.0 = DebugGBC|Win32
		{25D46FDB-318A-4352-89F7-AB384DD719F0}.Release|Any CPU.ActiveCfg = Release|ARM
		{25D46FDB-318A-4352-89F7-AB384DD719F0}.Release|Any CPU.Build.0 = Release|ARM
		{25D46FDB-318A-4352-89F7-AB384DD719F0}.Release|ARM.ActiveCfg = Release|ARM
		{25D46FDB-318A-4352-89F7-AB384DD719F0}.Release|ARM.Build.0 = Release|ARM
		{25D46FDB-318A-4352-89F7-AB384DD719F0}.Release|Mixed Platforms.ActiveCfg = Release|ARM
		{25D46FDB-318A-4352-89F7-AB384DD719F0}.Release|Mixed Platforms.Build.0 = Release|ARM
		{25D46FDB-318A-4352-89F7-AB384DD719F0}.Release|Win32.ActiveCfg = Release|ARM
		{25D46FDB-318A-4352-89F7-AB384DD719F0}.Release|Win32.Build.0 = Release|ARM
		{25D46FDB-318A-4352-89F7-AB384DD719F0}.Release|x86.ActiveCfg = Release|Win32
		{25D46FDB-318A-4352-89F7-AB384DD719F0}.Release|x86.Build.0 = Release|Win32
		{25D46FDB-318A-4352-89F7-AB384DD719F0}.ReleaseBeta|Any CPU.ActiveCfg = ReleaseBeta|ARM
		{25D46FDB-318A-4352-89F7-AB384DD719F0}.ReleaseBeta|Any CPU.Build.0 = ReleaseBeta|ARM
		{25D46FDB-318A-4352-89F7-AB384DD719F0}.ReleaseBeta|ARM.ActiveCfg = ReleaseBeta|ARM
		{25D46FDB-318A-4352-89F7-AB384DD719F0}.ReleaseBeta|ARM.Build.0 = ReleaseBeta|ARM
		{25D46FDB-318A-4352-89F7-AB384DD719F0}.ReleaseBeta|Mixed Platforms.ActiveCfg = ReleaseBeta|Win32
		{25D46FDB-318A-4352-89F7-AB384DD719F0}.ReleaseBeta|Mixed Platforms.Build.0 = ReleaseBeta|Win32
		{25D46FDB-318A-4352-89F7-AB384DD719F0}.ReleaseBeta|Win32.ActiveCfg = ReleaseBeta|ARM
		{25D46FDB-318A-4352-89F7-AB384DD719F0}.ReleaseBeta|Win32.Build.0 = ReleaseBeta|ARM
		{25D46FDB-318A-4352-89F7-AB384DD719F0}.ReleaseBeta|x86.ActiveCfg = ReleaseBeta|Win32
		{25D46FDB-318A-4352-89F7-AB384DD719F0}.ReleaseBeta|x86.Build.0 = ReleaseBeta|Win32
		{25D46FDB-318A-4352-89F7-AB384DD719F0}.ReleaseGBC|Any CPU.ActiveCfg = ReleaseGBC|ARM
		{25D46FDB-318A-4352-89F7-AB384DD719F0}.ReleaseGBC|Any CPU.Build.0 = ReleaseGBC|ARM
		{25D46FDB-318A-4352-89F7-AB384DD719F0}.ReleaseGBC|ARM.ActiveCfg = ReleaseGBC|ARM
		{25D46FDB-318A-4352-89F7-AB384DD719F0}.ReleaseGBC|ARM.Build.0 = ReleaseGBC|ARM
		{25D46FDB-318A-4352-89F7-AB384DD719F0}.ReleaseGBC|Mixed Platforms.ActiveCfg = ReleaseGBC|ARM
		{25D46FDB-318A-4352-89F7-AB384DD719F0}.ReleaseGBC|Mixed Platforms.Build.0 = ReleaseGBC|ARM
		{25D46FDB-318A-4352-89F7-AB384DD719F0}.ReleaseGBC|Win32.ActiveCfg = ReleaseGBC|ARM
		{25D46FDB-318A-4352-89F7-AB384DD719F0}.ReleaseGBC|Win32.Build.0 = ReleaseGBC|ARM
		{25D46FDB-318A-4352-89F7-AB384DD719F0}.ReleaseGBC|x86.ActiveCfg = ReleaseGBC|Win32
		{25D46FDB-318A-4352-89F7-AB384DD719F0}.ReleaseGBC|x86.Build.0 = ReleaseGBC|Win32
	EndGlobalSection
	GlobalSection(SolutionProperties) = preSolution
		HideSolutionNode = FALSE
	EndGlobalSection
EndGlobal
